
Microsoft Visual Studio Solution File, Format Version 12.00
# Visual Studio Version 17
VisualStudioVersion = 17.5.33530.505
MinimumVisualStudioVersion = 10.0.40219.1
Project("{FAE04EC0-301F-11D3-BF4B-00C04F79EFBC}") = "SigScanGenerate", "SigScanGenerate\SigScanGenerate.csproj", "{B5E18A91-F9DC-4AFF-BAAF-7A5B96820B94}"
EndProject
Global
	GlobalSection(SolutionConfigurationPlatforms) = preSolution
		Debug|Any CPU = Debug|Any CPU
		Release|Any CPU = Release|Any CPU
	EndGlobalSection
	GlobalSection(ProjectConfigurationPlatforms) = postSolution
		{B5E18A91-F9DC-4AFF-BAAF-7A5B96820B94}.Debug|Any CPU.ActiveCfg = Debug|Any CPU
		{B5E18A91-F9DC-4AFF-BAAF-7A5B96820B94}.Debug|Any CPU.Build.0 = Debug|Any CPU
		{B5E18A91-F9DC-4AFF-BAAF-7A5B96820B94}.Release|Any CPU.ActiveCfg = Release|Any CPU
		{B5E18A91-F9DC-4AFF-BAAF-7A5B96820B94}.Release|Any CPU.Build.0 = Release|Any CPU
	EndGlobalSection
	GlobalSection(SolutionProperties) = preSolution
		HideSolutionNode = FALSE
	EndGlobalSection
	GlobalSection(ExtensibilityGlobals) = postSolution
		SolutionGuid = {D8B6DCF2-D3F3-4956-A7EE-B3E1E43FF68F}
	EndGlobalSection
EndGlobal
